
Microsoft Visual Studio Solution File, Format Version 12.00
# Visual Studio 15
VisualStudioVersion = 15.0.28307.489
MinimumVisualStudioVersion = 10.0.40219.1
Project("{8BC9CEB8-8B4A-11D0-8D11-00A0C91BC942}") = "Chapter4Lesson7", "Chapter4Lesson7\Chapter4Lesson7.vcxproj", "{5C935FA8-8D32-4150-A795-1E0F7E940151}"
EndProject
Global
	GlobalSection(SolutionConfigurationPlatforms) = preSolution
		Debug|x64 = Debug|x64
		Debug|x86 = Debug|x86
		Release|x64 = Release|x64
		Release|x86 = Release|x86
	EndGlobalSection
	GlobalSection(ProjectConfigurationPlatforms) = postSolution
		{5C935FA8-8D32-4150-A795-1E0F7E940151}.Debug|x64.ActiveCfg = Debug|x64
		{5C935FA8-8D32-4150-A795-1E0F7E940151}.Debug|x64.Build.0 = Debug|x64
		{5C935FA8-8D32-4150-A795-1E0F7E940151}.Debug|x86.ActiveCfg = Debug|Win32
		{5C935FA8-8D32-4150-A795-1E0F7E940151}.Debug|x86.Build.0 = Debug|Win32
		{5C935FA8-8D32-4150-A795-1E0F7E940151}.Release|x64.ActiveCfg = Release|x64
		{5C935FA8-8D32-4150-A795-1E0F7E940151}.Release|x64.Build.0 = Release|x64
		{5C935FA8-8D32-4150-A795-1E0F7E940151}.Release|x86.ActiveCfg = Release|Win32
		{5C935FA8-8D32-4150-A795-1E0F7E940151}.Release|x86.Build.0 = Release|Win32
	EndGlobalSection
	GlobalSection(SolutionProperties) = preSolution
		HideSolutionNode = FALSE
	EndGlobalSection
	GlobalSection(ExtensibilityGlobals) = postSolution
		SolutionGuid = {37F6031B-8D2C-4D1A-B62F-51D6451F435B}
	EndGlobalSection
EndGlobal
